
Microsoft Visual Studio Solution File, Format Version 12.00
# Visual Studio Version 17
VisualStudioVersion = 17.1.32421.90
MinimumVisualStudioVersion = 10.0.40219.1
Project("{FAE04EC0-301F-11D3-BF4B-00C04F79EFBC}") = "ACM.BLayer", "ACM.BLayer\ACM.BLayer.csproj", "{8CA02DCD-6896-4A05-A691-21E904C0BB51}"
EndProject
Project("{2150E333-8FDC-42A3-9474-1A3956D46DE8}") = "Tests", "Tests", "{105A9A28-6104-4C5A-B6EE-D5BEE3445FBA}"
EndProject
Project("{FAE04EC0-301F-11D3-BF4B-00C04F79EFBC}") = "ACM.BLayerTest", "ACM.BLayerTest\ACM.BLayerTest.csproj", "{44D4AB9E-CC6A-4BD7-AE68-4F11F156FBEC}"
EndProject
Global
	GlobalSection(SolutionConfigurationPlatforms) = preSolution
		Debug|Any CPU = Debug|Any CPU
		Release|Any CPU = Release|Any CPU
	EndGlobalSection
	GlobalSection(ProjectConfigurationPlatforms) = postSolution
		{8CA02DCD-6896-4A05-A691-21E904C0BB51}.Debug|Any CPU.ActiveCfg = Debug|Any CPU
		{8CA02DCD-6896-4A05-A691-21E904C0BB51}.Debug|Any CPU.Build.0 = Debug|Any CPU
		{8CA02DCD-6896-4A05-A691-21E904C0BB51}.Release|Any CPU.ActiveCfg = Release|Any CPU
		{8CA02DCD-6896-4A05-A691-21E904C0BB51}.Release|Any CPU.Build.0 = Release|Any CPU
		{44D4AB9E-CC6A-4BD7-AE68-4F11F156FBEC}.Debug|Any CPU.ActiveCfg = Debug|Any CPU
		{44D4AB9E-CC6A-4BD7-AE68-4F11F156FBEC}.Debug|Any CPU.Build.0 = Debug|Any CPU
		{44D4AB9E-CC6A-4BD7-AE68-4F11F156FBEC}.Release|Any CPU.ActiveCfg = Release|Any CPU
		{44D4AB9E-CC6A-4BD7-AE68-4F11F156FBEC}.Release|Any CPU.Build.0 = Release|Any CPU
	EndGlobalSection
	GlobalSection(SolutionProperties) = preSolution
		HideSolutionNode = FALSE
	EndGlobalSection
	GlobalSection(NestedProjects) = preSolution
		{44D4AB9E-CC6A-4BD7-AE68-4F11F156FBEC} = {105A9A28-6104-4C5A-B6EE-D5BEE3445FBA}
	EndGlobalSection
	GlobalSection(ExtensibilityGlobals) = postSolution
		SolutionGuid = {1F31F7BE-8028-43AB-926B-F4553D29148C}
	EndGlobalSection
EndGlobal
